# This file is automatically @generated by Cargo.
# It is not intended for manual editing.
version = 4

[[package]]
name = "rusty-libc-cabi"
version = "0.0.0"
dependencies = [
 "rusty-libc-core",
 "rusty-libc-ctype",
 "rusty-libc-extra",
 "rusty-libc-fortify",
 "rusty-libc-iconv",
 "rusty-libc-ipc",
 "rusty-libc-locale",
 "rusty-libc-malloc",
 "rusty-libc-math",
 "rusty-libc-net",
 "rusty-libc-pthread",
 "rusty-libc-regex",
 "rusty-libc-rpc",
 "rusty-libc-signal",
 "rusty-libc-stdio",
 "rusty-libc-stdlib",
 "rusty-libc-sys",
 "rusty-libc-time",
 "rusty-libc-util",
 "rusty-libc-wchar",
]

[[package]]
name = "rusty-libc-core"
version = "0.0.0"
dependencies = [
 "rusty-libc-mem",
]

[[package]]
name = "rusty-libc-ctype"
version = "0.0.0"
dependencies = [
 "rusty-libc-core",
]

[[package]]
name = "rusty-libc-extra"
version = "0.0.0"
dependencies = [
 "rusty-libc-core",
 "rusty-libc-ctype",
 "rusty-libc-locale",
 "rusty-libc-malloc",
 "rusty-libc-mem",
 "rusty-libc-signal",
 "rusty-libc-stdio",
 "rusty-libc-stdlib",
 "rusty-libc-sys",
 "rusty-libc-time",
 "rusty-libc-util",
]

[[package]]
name = "rusty-libc-fortify"
version = "0.0.0"
dependencies = [
 "rusty-libc-core",
 "rusty-libc-ctype",
 "rusty-libc-extra",
 "rusty-libc-malloc",
 "rusty-libc-mem",
 "rusty-libc-net",
 "rusty-libc-stdio",
 "rusty-libc-stdlib",
 "rusty-libc-sys",
 "rusty-libc-util",
 "rusty-libc-wchar",
]

[[package]]
name = "rusty-libc-iconv"
version = "0.0.0"
dependencies = [
 "rusty-libc-core",
 "rusty-libc-malloc",
 "rusty-libc-mem",
]

[[package]]
name = "rusty-libc-ipc"
version = "0.0.0"
dependencies = [
 "rusty-libc-core",
 "rusty-libc-ctype",
 "rusty-libc-malloc",
 "rusty-libc-mem",
 "rusty-libc-pthread",
 "rusty-libc-stdlib",
]

[[package]]
name = "rusty-libc-locale"
version = "0.0.0"
dependencies = [
 "rusty-libc-core",
 "rusty-libc-ctype",
 "rusty-libc-iconv",
 "rusty-libc-malloc",
 "rusty-libc-mem",
 "rusty-libc-stdio",
 "rusty-libc-wchar",
]

[[package]]
name = "rusty-libc-malloc"
version = "0.0.0"
dependencies = [
 "rusty-libc-core",
 "rusty-libc-mem",
]

[[package]]
name = "rusty-libc-math"
version = "0.0.0"
dependencies = [
 "rusty-libc-core",
]

[[package]]
name = "rusty-libc-mem"
version = "0.0.0"

[[package]]
name = "rusty-libc-net"
version = "0.0.0"
dependencies = [
 "rusty-libc-core",
 "rusty-libc-ipc",
 "rusty-libc-malloc",
 "rusty-libc-mem",
 "rusty-libc-util",
]

[[package]]
name = "rusty-libc-pthread"
version = "0.0.0"
dependencies = [
 "rusty-libc-core",
 "rusty-libc-ctype",
 "rusty-libc-malloc",
 "rusty-libc-mem",
]

[[package]]
name = "rusty-libc-regex"
version = "0.0.0"
dependencies = [
 "rusty-libc-core",
 "rusty-libc-ctype",
 "rusty-libc-locale",
 "rusty-libc-malloc",
 "rusty-libc-mem",
 "rusty-libc-stdlib",
 "rusty-libc-wchar",
]

[[package]]
name = "rusty-libc-rpc"
version = "0.0.0"
dependencies = [
 "rusty-libc-core",
 "rusty-libc-malloc",
 "rusty-libc-mem",
 "rusty-libc-net",
 "rusty-libc-stdio",
 "rusty-libc-stdlib",
 "rusty-libc-sys",
 "rusty-libc-time",
]

[[package]]
name = "rusty-libc-signal"
version = "0.0.0"
dependencies = [
 "rusty-libc-core",
]

[[package]]
name = "rusty-libc-stdio"
version = "0.0.0"
dependencies = [
 "rusty-libc-core",
 "rusty-libc-iconv",
 "rusty-libc-malloc",
 "rusty-libc-mem",
 "rusty-libc-wchar",
]

[[package]]
name = "rusty-libc-stdlib"
version = "0.0.0"
dependencies = [
 "rusty-libc-core",
 "rusty-libc-ctype",
 "rusty-libc-malloc",
 "rusty-libc-mem",
]

[[package]]
name = "rusty-libc-sys"
version = "0.0.0"
dependencies = [
 "rusty-libc-core",
 "rusty-libc-ctype",
 "rusty-libc-malloc",
 "rusty-libc-mem",
 "rusty-libc-stdlib",
]

[[package]]
name = "rusty-libc-time"
version = "0.0.0"
dependencies = [
 "rusty-libc-core",
 "rusty-libc-ctype",
 "rusty-libc-ipc",
 "rusty-libc-malloc",
 "rusty-libc-mem",
 "rusty-libc-stdlib",
]

[[package]]
name = "rusty-libc-util"
version = "0.0.0"
dependencies = [
 "rusty-libc-core",
 "rusty-libc-ctype",
 "rusty-libc-locale",
 "rusty-libc-malloc",
 "rusty-libc-mem",
 "rusty-libc-stdio",
 "rusty-libc-stdlib",
 "rusty-libc-wchar",
]

[[package]]
name = "rusty-libc-wchar"
version = "0.0.0"
dependencies = [
 "rusty-libc-core",
 "rusty-libc-ctype",
 "rusty-libc-malloc",
 "rusty-libc-mem",
 "rusty-libc-stdlib",
 "rusty-libc-time",
]
